
Microsoft Visual Studio Solution File, Format Version 12.00
# Visual Studio 15
VisualStudioVersion = 15.0.28010.2003
MinimumVisualStudioVersion = 10.0.40219.1
Project("{9A19103F-16F7-4668-BE54-9A1E7A4F7556}") = "TimerFunc", "TimerFunc\TimerFunc.csproj", "{789B032E-080C-491A-B200-701F9CD724CC}"
EndProject
Project("{151D2E53-A2C4-4D7D-83FE-D05416EBD58E}") = "IACFunc", "IACFunc\IACFunc.deployproj", "{CE7E2B6E-8548-40CA-9082-90979E6D340A}"
EndProject
Global
	GlobalSection(SolutionConfigurationPlatforms) = preSolution
		Debug|Any CPU = Debug|Any CPU
		Release|Any CPU = Release|Any CPU
	EndGlobalSection
	GlobalSection(ProjectConfigurationPlatforms) = postSolution
		{789B032E-080C-491A-B200-701F9CD724CC}.Debug|Any CPU.ActiveCfg = Debug|Any CPU
		{789B032E-080C-491A-B200-701F9CD724CC}.Debug|Any CPU.Build.0 = Debug|Any CPU
		{789B032E-080C-491A-B200-701F9CD724CC}.Release|Any CPU.ActiveCfg = Release|Any CPU
		{789B032E-080C-491A-B200-701F9CD724CC}.Release|Any CPU.Build.0 = Release|Any CPU
		{CE7E2B6E-8548-40CA-9082-90979E6D340A}.Debug|Any CPU.ActiveCfg = Debug|Any CPU
		{CE7E2B6E-8548-40CA-9082-90979E6D340A}.Debug|Any CPU.Build.0 = Debug|Any CPU
		{CE7E2B6E-8548-40CA-9082-90979E6D340A}.Release|Any CPU.ActiveCfg = Release|Any CPU
		{CE7E2B6E-8548-40CA-9082-90979E6D340A}.Release|Any CPU.Build.0 = Release|Any CPU
	EndGlobalSection
	GlobalSection(SolutionProperties) = preSolution
		HideSolutionNode = FALSE
	EndGlobalSection
	GlobalSection(ExtensibilityGlobals) = postSolution
		SolutionGuid = {0CA26D72-9303-4258-B191-0DFC13B401E3}
	EndGlobalSection
EndGlobal
